
Microsoft Visual Studio Solution File, Format Version 12.00
# Visual Studio Version 17
VisualStudioVersion = 17.9.34607.119
MinimumVisualStudioVersion = 10.0.40219.1
Project("{FAE04EC0-301F-11D3-BF4B-00C04F79EFBC}") = "QueuingProgram", "QueuingProgram\QueuingProgram.csproj", "{9F9530EC-669E-425A-9600-ECAC01D30930}"
EndProject
Global
	GlobalSection(SolutionConfigurationPlatforms) = preSolution
		Debug|Any CPU = Debug|Any CPU
		Release|Any CPU = Release|Any CPU
	EndGlobalSection
	GlobalSection(ProjectConfigurationPlatforms) = postSolution
		{9F9530EC-669E-425A-9600-ECAC01D30930}.Debug|Any CPU.ActiveCfg = Debug|Any CPU
		{9F9530EC-669E-425A-9600-ECAC01D30930}.Debug|Any CPU.Build.0 = Debug|Any CPU
		{9F9530EC-669E-425A-9600-ECAC01D30930}.Release|Any CPU.ActiveCfg = Release|Any CPU
		{9F9530EC-669E-425A-9600-ECAC01D30930}.Release|Any CPU.Build.0 = Release|Any CPU
	EndGlobalSection
	GlobalSection(SolutionProperties) = preSolution
		HideSolutionNode = FALSE
	EndGlobalSection
	GlobalSection(ExtensibilityGlobals) = postSolution
		SolutionGuid = {7147A2ED-AB3A-47D5-91DF-C089DDB8CABC}
	EndGlobalSection
EndGlobal
